
Microsoft Visual Studio Solution File, Format Version 12.00
# Visual Studio Version 16
VisualStudioVersion = 16.0.29326.143
MinimumVisualStudioVersion = 10.0.40219.1
Project("{FAE04EC0-301F-11D3-BF4B-00C04F79EFBC}") = "2_project", "2_project\2_project.csproj", "{215A78B8-D504-47AE-8D3B-6AC256362D4C}"
EndProject
Global
	GlobalSection(SolutionConfigurationPlatforms) = preSolution
		Debug|Any CPU = Debug|Any CPU
		Release|Any CPU = Release|Any CPU
	EndGlobalSection
	GlobalSection(ProjectConfigurationPlatforms) = postSolution
		{215A78B8-D504-47AE-8D3B-6AC256362D4C}.Debug|Any CPU.ActiveCfg = Debug|Any CPU
		{215A78B8-D504-47AE-8D3B-6AC256362D4C}.Debug|Any CPU.Build.0 = Debug|Any CPU
		{215A78B8-D504-47AE-8D3B-6AC256362D4C}.Release|Any CPU.ActiveCfg = Release|Any CPU
		{215A78B8-D504-47AE-8D3B-6AC256362D4C}.Release|Any CPU.Build.0 = Release|Any CPU
	EndGlobalSection
	GlobalSection(SolutionProperties) = preSolution
		HideSolutionNode = FALSE
	EndGlobalSection
	GlobalSection(ExtensibilityGlobals) = postSolution
		SolutionGuid = {06DBB730-1440-41F1-A0C3-2A164C12A4D7}
	EndGlobalSection
EndGlobal
